// !$*UTF8*$!
{
	archiveVersion = 1;
	classes = {
	};
	objectVersion = 56;
	objects = {

/* Begin PBXBuildFile section */
		3CB5B2682B74E3D300C94E33 /* AppDelegate.swift in Sources */ = {isa = PBXBuildFile; fileRef = 3CB5B2672B74E3D300C94E33 /* AppDelegate.swift */; };
		3CB5B26A2B74E3D300C94E33 /* SceneDelegate.swift in Sources */ = {isa = PBXBuildFile; fileRef = 3CB5B2692B74E3D300C94E33 /* SceneDelegate.swift */; };
		3CB5B26C2B74E3D300C94E33 /* CategoriesOverviewViewController.swift in Sources */ = {isa = PBXBuildFile; fileRef = 3CB5B26B2B74E3D300C94E33 /* CategoriesOverviewViewController.swift */; };
		3CB5B26F2B74E3D300C94E33 /* Main.storyboard in Resources */ = {isa = PBXBuildFile; fileRef = 3CB5B26D2B74E3D300C94E33 /* Main.storyboard */; };
		3CB5B2712B74E3D700C94E33 /* Assets.xcassets in Resources */ = {isa = PBXBuildFile; fileRef = 3CB5B2702B74E3D700C94E33 /* Assets.xcassets */; };
		3CB5B2742B74E3D700C94E33 /* LaunchScreen.storyboard in Resources */ = {isa = PBXBuildFile; fileRef = 3CB5B2722B74E3D700C94E33 /* LaunchScreen.storyboard */; };
		3CB5B27F2B74E42900C94E33 /* Product.swift in Sources */ = {isa = PBXBuildFile; fileRef = 3CB5B27E2B74E42900C94E33 /* Product.swift */; };
		3CB5B2812B74E45300C94E33 /* ProductResponse.swift in Sources */ = {isa = PBXBuildFile; fileRef = 3CB5B2802B74E45300C94E33 /* ProductResponse.swift */; };
		3CB5B2832B74E56B00C94E33 /* CategoriesViewModel.swift in Sources */ = {isa = PBXBuildFile; fileRef = 3CB5B2822B74E56B00C94E33 /* CategoriesViewModel.swift */; };
		3CB5B2862B74E80800C94E33 /* NetworkManager.swift in Sources */ = {isa = PBXBuildFile; fileRef = 3CB5B2852B74E80800C94E33 /* NetworkManager.swift */; };
		3CB5B2882B74F70300C94E33 /* CategoryCardModel.swift in Sources */ = {isa = PBXBuildFile; fileRef = 3CB5B2872B74F70300C94E33 /* CategoryCardModel.swift */; };
		3CB5B28E2B75104900C94E33 /* CategoryCardTableViewCell.swift in Sources */ = {isa = PBXBuildFile; fileRef = 3CB5B28C2B75104900C94E33 /* CategoryCardTableViewCell.swift */; };
		3CB5B28F2B75104900C94E33 /* CategoryCardTableViewCell.xib in Resources */ = {isa = PBXBuildFile; fileRef = 3CB5B28D2B75104900C94E33 /* CategoryCardTableViewCell.xib */; };
		3CB5B2912B7523BD00C94E33 /* CategoryDetailsViewController.swift in Sources */ = {isa = PBXBuildFile; fileRef = 3CB5B2902B7523BD00C94E33 /* CategoryDetailsViewController.swift */; };
		3CB5B2932B75257A00C94E33 /* ProductDetailsModel.swift in Sources */ = {isa = PBXBuildFile; fileRef = 3CB5B2922B75257A00C94E33 /* ProductDetailsModel.swift */; };
		3CB5B29A2B7535A800C94E33 /* ProductCardTableViewCell.swift in Sources */ = {isa = PBXBuildFile; fileRef = 3CB5B2982B7535A800C94E33 /* ProductCardTableViewCell.swift */; };
		3CB5B29B2B7535A800C94E33 /* ProductCardTableViewCell.xib in Resources */ = {isa = PBXBuildFile; fileRef = 3CB5B2992B7535A800C94E33 /* ProductCardTableViewCell.xib */; };
		3CB5B29E2B7535D900C94E33 /* UIImageViewExtension.swift in Sources */ = {isa = PBXBuildFile; fileRef = 3CB5B29D2B7535D900C94E33 /* UIImageViewExtension.swift */; };
/* End PBXBuildFile section */

/* Begin PBXFileReference section */
		3CB5B2642B74E3D300C94E33 /* MacabiTest.app */ = {isa = PBXFileReference; explicitFileType = wrapper.application; includeInIndex = 0; path = MacabiTest.app; sourceTree = BUILT_PRODUCTS_DIR; };
		3CB5B2672B74E3D300C94E33 /* AppDelegate.swift */ = {isa = PBXFileReference; lastKnownFileType = sourcecode.swift; path = AppDelegate.swift; sourceTree = "<group>"; };
		3CB5B2692B74E3D300C94E33 /* SceneDelegate.swift */ = {isa = PBXFileReference; lastKnownFileType = sourcecode.swift; path = SceneDelegate.swift; sourceTree = "<group>"; };
		3CB5B26B2B74E3D300C94E33 /* CategoriesOverviewViewController.swift */ = {isa = PBXFileReference; lastKnownFileType = sourcecode.swift; path = CategoriesOverviewViewController.swift; sourceTree = "<group>"; };
		3CB5B26E2B74E3D300C94E33 /* Base */ = {isa = PBXFileReference; lastKnownFileType = file.storyboard; name = Base; path = Base.lproj/Main.storyboard; sourceTree = "<group>"; };
		3CB5B2702B74E3D700C94E33 /* Assets.xcassets */ = {isa = PBXFileReference; lastKnownFileType = folder.assetcatalog; path = Assets.xcassets; sourceTree = "<group>"; };
		3CB5B2732B74E3D700C94E33 /* Base */ = {isa = PBXFileReference; lastKnownFileType = file.storyboard; name = Base; path = Base.lproj/LaunchScreen.storyboard; sourceTree = "<group>"; };
		3CB5B2752B74E3D700C94E33 /* Info.plist */ = {isa = PBXFileReference; lastKnownFileType = text.plist.xml; path = Info.plist; sourceTree = "<group>"; };
		3CB5B27E2B74E42900C94E33 /* Product.swift */ = {isa = PBXFileReference; lastKnownFileType = sourcecode.swift; path = Product.swift; sourceTree = "<group>"; };
		3CB5B2802B74E45300C94E33 /* ProductResponse.swift */ = {isa = PBXFileReference; lastKnownFileType = sourcecode.swift; path = ProductResponse.swift; sourceTree = "<group>"; };
		3CB5B2822B74E56B00C94E33 /* CategoriesViewModel.swift */ = {isa = PBXFileReference; lastKnownFileType = sourcecode.swift; path = CategoriesViewModel.swift; sourceTree = "<group>"; };
		3CB5B2852B74E80800C94E33 /* NetworkManager.swift */ = {isa = PBXFileReference; lastKnownFileType = sourcecode.swift; path = NetworkManager.swift; sourceTree = "<group>"; };
		3CB5B2872B74F70300C94E33 /* CategoryCardModel.swift */ = {isa = PBXFileReference; lastKnownFileType = sourcecode.swift; path = CategoryCardModel.swift; sourceTree = "<group>"; };
		3CB5B28C2B75104900C94E33 /* CategoryCardTableViewCell.swift */ = {isa = PBXFileReference; lastKnownFileType = sourcecode.swift; path = CategoryCardTableViewCell.swift; sourceTree = "<group>"; };
		3CB5B28D2B75104900C94E33 /* CategoryCardTableViewCell.xib */ = {isa = PBXFileReference; lastKnownFileType = file.xib; path = CategoryCardTableViewCell.xib; sourceTree = "<group>"; };
		3CB5B2902B7523BD00C94E33 /* CategoryDetailsViewController.swift */ = {isa = PBXFileReference; lastKnownFileType = sourcecode.swift; path = CategoryDetailsViewController.swift; sourceTree = "<group>"; };
		3CB5B2922B75257A00C94E33 /* ProductDetailsModel.swift */ = {isa = PBXFileReference; lastKnownFileType = sourcecode.swift; path = ProductDetailsModel.swift; sourceTree = "<group>"; };
		3CB5B2982B7535A800C94E33 /* ProductCardTableViewCell.swift */ = {isa = PBXFileReference; lastKnownFileType = sourcecode.swift; path = ProductCardTableViewCell.swift; sourceTree = "<group>"; };
		3CB5B2992B7535A800C94E33 /* ProductCardTableViewCell.xib */ = {isa = PBXFileReference; lastKnownFileType = file.xib; path = ProductCardTableViewCell.xib; sourceTree = "<group>"; };
		3CB5B29D2B7535D900C94E33 /* UIImageViewExtension.swift */ = {isa = PBXFileReference; lastKnownFileType = sourcecode.swift; path = UIImageViewExtension.swift; sourceTree = "<group>"; };
/* End PBXFileReference section */

/* Begin PBXFrameworksBuildPhase section */
		3CB5B2612B74E3D300C94E33 /* Frameworks */ = {
			isa = PBXFrameworksBuildPhase;
			buildActionMask = 2147483647;
			files = (
			);
			runOnlyForDeploymentPostprocessing = 0;
		};
/* End PBXFrameworksBuildPhase section */

/* Begin PBXGroup section */
		3CB5B25B2B74E3D300C94E33 = {
			isa = PBXGroup;
			children = (
				3CB5B2662B74E3D300C94E33 /* MacabiTest */,
				3CB5B2652B74E3D300C94E33 /* Products */,
			);
			sourceTree = "<group>";
		};
		3CB5B2652B74E3D300C94E33 /* Products */ = {
			isa = PBXGroup;
			children = (
				3CB5B2642B74E3D300C94E33 /* MacabiTest.app */,
			);
			name = Products;
			sourceTree = "<group>";
		};
		3CB5B2662B74E3D300C94E33 /* MacabiTest */ = {
			isa = PBXGroup;
			children = (
				3CB5B29C2B7535C900C94E33 /* Extensions */,
				3CB5B2842B74E7DD00C94E33 /* NetworkManager */,
				3CB5B28B2B74FC3100C94E33 /* ViewControllers */,
				3CB5B27D2B74E40300C94E33 /* Views */,
				3CB5B27C2B74E3F700C94E33 /* View Models */,
				3CB5B27B2B74E3EA00C94E33 /* Models */,
				3CB5B2672B74E3D300C94E33 /* AppDelegate.swift */,
				3CB5B2692B74E3D300C94E33 /* SceneDelegate.swift */,
				3CB5B26D2B74E3D300C94E33 /* Main.storyboard */,
				3CB5B2702B74E3D700C94E33 /* Assets.xcassets */,
				3CB5B2722B74E3D700C94E33 /* LaunchScreen.storyboard */,
				3CB5B2752B74E3D700C94E33 /* Info.plist */,
			);
			path = MacabiTest;
			sourceTree = "<group>";
		};
		3CB5B27B2B74E3EA00C94E33 /* Models */ = {
			isa = PBXGroup;
			children = (
				3CB5B2942B7527B200C94E33 /* JSON Models */,
				3CB5B2952B7527BD00C94E33 /* UI Models */,
			);
			path = Models;
			sourceTree = "<group>";
		};
		3CB5B27C2B74E3F700C94E33 /* View Models */ = {
			isa = PBXGroup;
			children = (
				3CB5B2822B74E56B00C94E33 /* CategoriesViewModel.swift */,
			);
			path = "View Models";
			sourceTree = "<group>";
		};
		3CB5B27D2B74E40300C94E33 /* Views */ = {
			isa = PBXGroup;
			children = (
				3CB5B2972B75357200C94E33 /* ProductCardTableViewCell */,
				3CB5B2962B75355700C94E33 /* CategoryCardTableViewCell */,
			);
			path = Views;
			sourceTree = "<group>";
		};
		3CB5B2842B74E7DD00C94E33 /* NetworkManager */ = {
			isa = PBXGroup;
			children = (
				3CB5B2852B74E80800C94E33 /* NetworkManager.swift */,
			);
			path = NetworkManager;
			sourceTree = "<group>";
		};
		3CB5B28B2B74FC3100C94E33 /* ViewControllers */ = {
			isa = PBXGroup;
			children = (
				3CB5B26B2B74E3D300C94E33 /* CategoriesOverviewViewController.swift */,
				3CB5B2902B7523BD00C94E33 /* CategoryDetailsViewController.swift */,
			);
			path = ViewControllers;
			sourceTree = "<group>";
		};
		3CB5B2942B7527B200C94E33 /* JSON Models */ = {
			isa = PBXGroup;
			children = (
				3CB5B27E2B74E42900C94E33 /* Product.swift */,
				3CB5B2802B74E45300C94E33 /* ProductResponse.swift */,
			);
			path = "JSON Models";
			sourceTree = "<group>";
		};
		3CB5B2952B7527BD00C94E33 /* UI Models */ = {
			isa = PBXGroup;
			children = (
				3CB5B2872B74F70300C94E33 /* CategoryCardModel.swift */,
				3CB5B2922B75257A00C94E33 /* ProductDetailsModel.swift */,
			);
			path = "UI Models";
			sourceTree = "<group>";
		};
		3CB5B2962B75355700C94E33 /* CategoryCardTableViewCell */ = {
			isa = PBXGroup;
			children = (
				3CB5B28C2B75104900C94E33 /* CategoryCardTableViewCell.swift */,
				3CB5B28D2B75104900C94E33 /* CategoryCardTableViewCell.xib */,
			);
			path = CategoryCardTableViewCell;
			sourceTree = "<group>";
		};
		3CB5B2972B75357200C94E33 /* ProductCardTableViewCell */ = {
			isa = PBXGroup;
			children = (
				3CB5B2982B7535A800C94E33 /* ProductCardTableViewCell.swift */,
				3CB5B2992B7535A800C94E33 /* ProductCardTableViewCell.xib */,
			);
			path = ProductCardTableViewCell;
			sourceTree = "<group>";
		};
		3CB5B29C2B7535C900C94E33 /* Extensions */ = {
			isa = PBXGroup;
			children = (
				3CB5B29D2B7535D900C94E33 /* UIImageViewExtension.swift */,
			);
			path = Extensions;
			sourceTree = "<group>";
		};
/* End PBXGroup section */

/* Begin PBXNativeTarget section */
		3CB5B2632B74E3D300C94E33 /* MacabiTest */ = {
			isa = PBXNativeTarget;
			buildConfigurationList = 3CB5B2782B74E3D700C94E33 /* Build configuration list for PBXNativeTarget "MacabiTest" */;
			buildPhases = (
				3CB5B2602B74E3D300C94E33 /* Sources */,
				3CB5B2612B74E3D300C94E33 /* Frameworks */,
				3CB5B2622B74E3D300C94E33 /* Resources */,
			);
			buildRules = (
			);
			dependencies = (
			);
			name = MacabiTest;
			productName = MacabiTest;
			productReference = 3CB5B2642B74E3D300C94E33 /* MacabiTest.app */;
			productType = "com.apple.product-type.application";
		};
/* End PBXNativeTarget section */

/* Begin PBXProject section */
		3CB5B25C2B74E3D300C94E33 /* Project object */ = {
			isa = PBXProject;
			attributes = {
				BuildIndependentTargetsInParallel = 1;
				LastSwiftUpdateCheck = 1520;
				LastUpgradeCheck = 1520;
				TargetAttributes = {
					3CB5B2632B74E3D300C94E33 = {
						CreatedOnToolsVersion = 15.2;
					};
				};
			};
			buildConfigurationList = 3CB5B25F2B74E3D300C94E33 /* Build configuration list for PBXProject "MacabiTest" */;
			compatibilityVersion = "Xcode 14.0";
			developmentRegion = en;
			hasScannedForEncodings = 0;
			knownRegions = (
				en,
				Base,
			);
			mainGroup = 3CB5B25B2B74E3D300C94E33;
			productRefGroup = 3CB5B2652B74E3D300C94E33 /* Products */;
			projectDirPath = "";
			projectRoot = "";
			targets = (
				3CB5B2632B74E3D300C94E33 /* MacabiTest */,
			);
		};
/* End PBXProject section */

/* Begin PBXResourcesBuildPhase section */
		3CB5B2622B74E3D300C94E33 /* Resources */ = {
			isa = PBXResourcesBuildPhase;
			buildActionMask = 2147483647;
			files = (
				3CB5B29B2B7535A800C94E33 /* ProductCardTableViewCell.xib in Resources */,
				3CB5B2742B74E3D700C94E33 /* LaunchScreen.storyboard in Resources */,
				3CB5B28F2B75104900C94E33 /* CategoryCardTableViewCell.xib in Resources */,
				3CB5B2712B74E3D700C94E33 /* Assets.xcassets in Resources */,
				3CB5B26F2B74E3D300C94E33 /* Main.storyboard in Resources */,
			);
			runOnlyForDeploymentPostprocessing = 0;
		};
/* End PBXResourcesBuildPhase section */

/* Begin PBXSourcesBuildPhase section */
		3CB5B2602B74E3D300C94E33 /* Sources */ = {
			isa = PBXSourcesBuildPhase;
			buildActionMask = 2147483647;
			files = (
				3CB5B26C2B74E3D300C94E33 /* CategoriesOverviewViewController.swift in Sources */,
				3CB5B2812B74E45300C94E33 /* ProductResponse.swift in Sources */,
				3CB5B28E2B75104900C94E33 /* CategoryCardTableViewCell.swift in Sources */,
				3CB5B2912B7523BD00C94E33 /* CategoryDetailsViewController.swift in Sources */,
				3CB5B27F2B74E42900C94E33 /* Product.swift in Sources */,
				3CB5B2932B75257A00C94E33 /* ProductDetailsModel.swift in Sources */,
				3CB5B2882B74F70300C94E33 /* CategoryCardModel.swift in Sources */,
				3CB5B29A2B7535A800C94E33 /* ProductCardTableViewCell.swift in Sources */,
				3CB5B2862B74E80800C94E33 /* NetworkManager.swift in Sources */,
				3CB5B2682B74E3D300C94E33 /* AppDelegate.swift in Sources */,
				3CB5B2832B74E56B00C94E33 /* CategoriesViewModel.swift in Sources */,
				3CB5B29E2B7535D900C94E33 /* UIImageViewExtension.swift in Sources */,
				3CB5B26A2B74E3D300C94E33 /* SceneDelegate.swift in Sources */,
			);
			runOnlyForDeploymentPostprocessing = 0;
		};
/* End PBXSourcesBuildPhase section */

/* Begin PBXVariantGroup section */
		3CB5B26D2B74E3D300C94E33 /* Main.storyboard */ = {
			isa = PBXVariantGroup;
			children = (
				3CB5B26E2B74E3D300C94E33 /* Base */,
			);
			name = Main.storyboard;
			sourceTree = "<group>";
		};
		3CB5B2722B74E3D700C94E33 /* LaunchScreen.storyboard */ = {
			isa = PBXVariantGroup;
			children = (
				3CB5B2732B74E3D700C94E33 /* Base */,
			);
			name = LaunchScreen.storyboard;
			sourceTree = "<group>";
		};
/* End PBXVariantGroup section */

/* Begin XCBuildConfiguration section */
		3CB5B2762B74E3D700C94E33 /* Debug */ = {
			isa = XCBuildConfiguration;
			buildSettings = {
				ALWAYS_SEARCH_USER_PATHS = NO;
				ASSETCATALOG_COMPILER_GENERATE_SWIFT_ASSET_SYMBOL_EXTENSIONS = YES;
				CLANG_ANALYZER_NONNULL = YES;
				CLANG_ANALYZER_NUMBER_OBJECT_CONVERSION = YES_AGGRESSIVE;
				CLANG_CXX_LANGUAGE_STANDARD = "gnu++20";
				CLANG_ENABLE_MODULES = YES;
				CLANG_ENABLE_OBJC_ARC = YES;
				CLANG_ENABLE_OBJC_WEAK = YES;
				CLANG_WARN_BLOCK_CAPTURE_AUTORELEASING = YES;
				CLANG_WARN_BOOL_CONVERSION = YES;
				CLANG_WARN_COMMA = YES;
				CLANG_WARN_CONSTANT_CONVERSION = YES;
				CLANG_WARN_DEPRECATED_OBJC_IMPLEMENTATIONS = YES;
				CLANG_WARN_DIRECT_OBJC_ISA_USAGE = YES_ERROR;
				CLANG_WARN_DOCUMENTATION_COMMENTS = YES;
				CLANG_WARN_EMPTY_BODY = YES;
				CLANG_WARN_ENUM_CONVERSION = YES;
				CLANG_WARN_INFINITE_RECURSION = YES;
				CLANG_WARN_INT_CONVERSION = YES;
				CLANG_WARN_NON_LITERAL_NULL_CONVERSION = YES;
				CLANG_WARN_OBJC_IMPLICIT_RETAIN_SELF = YES;
				CLANG_WARN_OBJC_LITERAL_CONVERSION = YES;
				CLANG_WARN_OBJC_ROOT_CLASS = YES_ERROR;
				CLANG_WARN_QUOTED_INCLUDE_IN_FRAMEWORK_HEADER = YES;
				CLANG_WARN_RANGE_LOOP_ANALYSIS = YES;
				CLANG_WARN_STRICT_PROTOTYPES = YES;
				CLANG_WARN_SUSPICIOUS_MOVE = YES;
				CLANG_WARN_UNGUARDED_AVAILABILITY = YES_AGGRESSIVE;
				CLANG_WARN_UNREACHABLE_CODE = YES;
				CLANG_WARN__DUPLICATE_METHOD_MATCH = YES;
				COPY_PHASE_STRIP = NO;
				DEBUG_INFORMATION_FORMAT = dwarf;
				ENABLE_STRICT_OBJC_MSGSEND = YES;
				ENABLE_TESTABILITY = YES;
				ENABLE_USER_SCRIPT_SANDBOXING = YES;
				GCC_C_LANGUAGE_STANDARD = gnu17;
				GCC_DYNAMIC_NO_PIC = NO;
				GCC_NO_COMMON_BLOCKS = YES;
				GCC_OPTIMIZATION_LEVEL = 0;
				GCC_PREPROCESSOR_DEFINITIONS = (
					"DEBUG=1",
					"$(inherited)",
				);
				GCC_WARN_64_TO_32_BIT_CONVERSION = YES;
				GCC_WARN_ABOUT_RETURN_TYPE = YES_ERROR;
				GCC_WARN_UNDECLARED_SELECTOR = YES;
				GCC_WARN_UNINITIALIZED_AUTOS = YES_AGGRESSIVE;
				GCC_WARN_UNUSED_FUNCTION = YES;
				GCC_WARN_UNUSED_VARIABLE = YES;
				IPHONEOS_DEPLOYMENT_TARGET = 17.2;
				LOCALIZATION_PREFERS_STRING_CATALOGS = YES;
				MTL_ENABLE_DEBUG_INFO = INCLUDE_SOURCE;
				MTL_FAST_MATH = YES;
				ONLY_ACTIVE_ARCH = YES;
				SDKROOT = iphoneos;
				SWIFT_ACTIVE_COMPILATION_CONDITIONS = "DEBUG $(inherited)";
				SWIFT_OPTIMIZATION_LEVEL = "-Onone";
			};
			name = Debug;
		};
		3CB5B2772B74E3D700C94E33 /* Release */ = {
			isa = XCBuildConfiguration;
			buildSettings = {
				ALWAYS_SEARCH_USER_PATHS = NO;
				ASSETCATALOG_COMPILER_GENERATE_SWIFT_ASSET_SYMBOL_EXTENSIONS = YES;
				CLANG_ANALYZER_NONNULL = YES;
				CLANG_ANALYZER_NUMBER_OBJECT_CONVERSION = YES_AGGRESSIVE;
				CLANG_CXX_LANGUAGE_STANDARD = "gnu++20";
				CLANG_ENABLE_MODULES = YES;
				CLANG_ENABLE_OBJC_ARC = YES;
				CLANG_ENABLE_OBJC_WEAK = YES;
				CLANG_WARN_BLOCK_CAPTURE_AUTORELEASING = YES;
				CLANG_WARN_BOOL_CONVERSION = YES;
				CLANG_WARN_COMMA = YES;
				CLANG_WARN_CONSTANT_CONVERSION = YES;
				CLANG_WARN_DEPRECATED_OBJC_IMPLEMENTATIONS = YES;
				CLANG_WARN_DIRECT_OBJC_ISA_USAGE = YES_ERROR;
				CLANG_WARN_DOCUMENTATION_COMMENTS = YES;
				CLANG_WARN_EMPTY_BODY = YES;
				CLANG_WARN_ENUM_CONVERSION = YES;
				CLANG_WARN_INFINITE_RECURSION = YES;
				CLANG_WARN_INT_CONVERSION = YES;
				CLANG_WARN_NON_LITERAL_NULL_CONVERSION = YES;
				CLANG_WARN_OBJC_IMPLICIT_RETAIN_SELF = YES;
				CLANG_WARN_OBJC_LITERAL_CONVERSION = YES;
				CLANG_WARN_OBJC_ROOT_CLASS = YES_ERROR;
				CLANG_WARN_QUOTED_INCLUDE_IN_FRAMEWORK_HEADER = YES;
				CLANG_WARN_RANGE_LOOP_ANALYSIS = YES;
				CLANG_WARN_STRICT_PROTOTYPES = YES;
				CLANG_WARN_SUSPICIOUS_MOVE = YES;
				CLANG_WARN_UNGUARDED_AVAILABILITY = YES_AGGRESSIVE;
				CLANG_WARN_UNREACHABLE_CODE = YES;
				CLANG_WARN__DUPLICATE_METHOD_MATCH = YES;
				COPY_PHASE_STRIP = NO;
				DEBUG_INFORMATION_FORMAT = "dwarf-with-dsym";
				ENABLE_NS_ASSERTIONS = NO;
				ENABLE_STRICT_OBJC_MSGSEND = YES;
				ENABLE_USER_SCRIPT_SANDBOXING = YES;
				GCC_C_LANGUAGE_STANDARD = gnu17;
				GCC_NO_COMMON_BLOCKS = YES;
				GCC_WARN_64_TO_32_BIT_CONVERSION = YES;
				GCC_WARN_ABOUT_RETURN_TYPE = YES_ERROR;
				GCC_WARN_UNDECLARED_SELECTOR = YES;
				GCC_WARN_UNINITIALIZED_AUTOS = YES_AGGRESSIVE;
				GCC_WARN_UNUSED_FUNCTION = YES;
				GCC_WARN_UNUSED_VARIABLE = YES;
				IPHONEOS_DEPLOYMENT_TARGET = 17.2;
				LOCALIZATION_PREFERS_STRING_CATALOGS = YES;
				MTL_ENABLE_DEBUG_INFO = NO;
				MTL_FAST_MATH = YES;
				SDKROOT = iphoneos;
				SWIFT_COMPILATION_MODE = wholemodule;
				VALIDATE_PRODUCT = YES;
			};
			name = Release;
		};
		3CB5B2792B74E3D700C94E33 /* Debug */ = {
			isa = XCBuildConfiguration;
			buildSettings = {
				ASSETCATALOG_COMPILER_APPICON_NAME = AppIcon;
				ASSETCATALOG_COMPILER_GLOBAL_ACCENT_COLOR_NAME = AccentColor;
				CODE_SIGN_STYLE = Automatic;
				CURRENT_PROJECT_VERSION = 1;
				DEVELOPMENT_TEAM = 6492MMPC3V;
				GENERATE_INFOPLIST_FILE = YES;
				INFOPLIST_FILE = MacabiTest/Info.plist;
				INFOPLIST_KEY_UIApplicationSupportsIndirectInputEvents = YES;
				INFOPLIST_KEY_UILaunchStoryboardName = LaunchScreen;
				INFOPLIST_KEY_UIMainStoryboardFile = Main;
				INFOPLIST_KEY_UISupportedInterfaceOrientations_iPad = "UIInterfaceOrientationPortrait UIInterfaceOrientationPortraitUpsideDown UIInterfaceOrientationLandscapeLeft UIInterfaceOrientationLandscapeRight";
				INFOPLIST_KEY_UISupportedInterfaceOrientations_iPhone = "UIInterfaceOrientationPortrait UIInterfaceOrientationLandscapeLeft UIInterfaceOrientationLandscapeRight";
				LD_RUNPATH_SEARCH_PATHS = (
					"$(inherited)",
					"@executable_path/Frameworks",
				);
				MARKETING_VERSION = 1.0;
				PRODUCT_BUNDLE_IDENTIFIER = edu.galinial.MacabiTest;
				PRODUCT_NAME = "$(TARGET_NAME)";
				SWIFT_EMIT_LOC_STRINGS = YES;
				SWIFT_VERSION = 5.0;
				TARGETED_DEVICE_FAMILY = "1,2";
			};
			name = Debug;
		};
		3CB5B27A2B74E3D700C94E33 /* Release */ = {
			isa = XCBuildConfiguration;
			buildSettings = {
				ASSETCATALOG_COMPILER_APPICON_NAME = AppIcon;
				ASSETCATALOG_COMPILER_GLOBAL_ACCENT_COLOR_NAME = AccentColor;
				CODE_SIGN_STYLE = Automatic;
				CURRENT_PROJECT_VERSION = 1;
				DEVELOPMENT_TEAM = 6492MMPC3V;
				GENERATE_INFOPLIST_FILE = YES;
				INFOPLIST_FILE = MacabiTest/Info.plist;
				INFOPLIST_KEY_UIApplicationSupportsIndirectInputEvents = YES;
				INFOPLIST_KEY_UILaunchStoryboardName = LaunchScreen;
				INFOPLIST_KEY_UIMainStoryboardFile = Main;
				INFOPLIST_KEY_UISupportedInterfaceOrientations_iPad = "UIInterfaceOrientationPortrait UIInterfaceOrientationPortraitUpsideDown UIInterfaceOrientationLandscapeLeft UIInterfaceOrientationLandscapeRight";
				INFOPLIST_KEY_UISupportedInterfaceOrientations_iPhone = "UIInterfaceOrientationPortrait UIInterfaceOrientationLandscapeLeft UIInterfaceOrientationLandscapeRight";
				LD_RUNPATH_SEARCH_PATHS = (
					"$(inherited)",
					"@executable_path/Frameworks",
				);
				MARKETING_VERSION = 1.0;
				PRODUCT_BUNDLE_IDENTIFIER = edu.galinial.MacabiTest;
				PRODUCT_NAME = "$(TARGET_NAME)";
				SWIFT_EMIT_LOC_STRINGS = YES;
				SWIFT_VERSION = 5.0;
				TARGETED_DEVICE_FAMILY = "1,2";
			};
			name = Release;
		};
/* End XCBuildConfiguration section */

/* Begin XCConfigurationList section */
		3CB5B25F2B74E3D300C94E33 /* Build configuration list for PBXProject "MacabiTest" */ = {
			isa = XCConfigurationList;
			buildConfigurations = (
				3CB5B2762B74E3D700C94E33 /* Debug */,
				3CB5B2772B74E3D700C94E33 /* Release */,
			);
			defaultConfigurationIsVisible = 0;
			defaultConfigurationName = Release;
		};
		3CB5B2782B74E3D700C94E33 /* Build configuration list for PBXNativeTarget "MacabiTest" */ = {
			isa = XCConfigurationList;
			buildConfigurations = (
				3CB5B2792B74E3D700C94E33 /* Debug */,
				3CB5B27A2B74E3D700C94E33 /* Release */,
			);
			defaultConfigurationIsVisible = 0;
			defaultConfigurationName = Release;
		};
/* End XCConfigurationList section */
	};
	rootObject = 3CB5B25C2B74E3D300C94E33 /* Project object */;
}
